// !$*UTF8*$!
{
	archiveVersion = 1;
	classes = {
	};
	objectVersion = 50;
	objects = {

/* Begin PBXBuildFile section */
		347BB4E826B8DE3F009EA81F /* AppDelegate.swift in Sources */ = {isa = PBXBuildFile; fileRef = 347BB4E726B8DE3F009EA81F /* AppDelegate.swift */; };
		347BB4EA26B8DE3F009EA81F /* SceneDelegate.swift in Sources */ = {isa = PBXBuildFile; fileRef = 347BB4E926B8DE3F009EA81F /* SceneDelegate.swift */; };
		347BB4EC26B8DE3F009EA81F /* ContentView.swift in Sources */ = {isa = PBXBuildFile; fileRef = 347BB4EB26B8DE3F009EA81F /* ContentView.swift */; };
		347BB4EE26B8DE41009EA81F /* Assets.xcassets in Resources */ = {isa = PBXBuildFile; fileRef = 347BB4ED26B8DE41009EA81F /* Assets.xcassets */; };
		347BB4F126B8DE41009EA81F /* Preview Assets.xcassets in Resources */ = {isa = PBXBuildFile; fileRef = 347BB4F026B8DE41009EA81F /* Preview Assets.xcassets */; };
		347BB4F426B8DE41009EA81F /* LaunchScreen.storyboard in Resources */ = {isa = PBXBuildFile; fileRef = 347BB4F226B8DE41009EA81F /* LaunchScreen.storyboard */; };
		347BB4FA26B91784009EA81F /* CalculatorButton.swift in Sources */ = {isa = PBXBuildFile; fileRef = 347BB4F926B91783009EA81F /* CalculatorButton.swift */; };
		347BB4FC26B918BC009EA81F /* CalculatorButtonItem.swift in Sources */ = {isa = PBXBuildFile; fileRef = 347BB4FB26B918BC009EA81F /* CalculatorButtonItem.swift */; };
		347BB4FE26B91B3F009EA81F /* CalculatorButtonRow.swift in Sources */ = {isa = PBXBuildFile; fileRef = 347BB4FD26B91B3F009EA81F /* CalculatorButtonRow.swift */; };
		349CA1DA26CBCB24009866D2 /* CalculatorBrain.swift in Sources */ = {isa = PBXBuildFile; fileRef = 349CA1D926CBCB24009866D2 /* CalculatorBrain.swift */; };
		34D6251126B12DB4003D1624 /* AppDelegate.swift in Sources */ = {isa = PBXBuildFile; fileRef = 34D6251026B12DB4003D1624 /* AppDelegate.swift */; };
		34D6251326B12DB4003D1624 /* SceneDelegate.swift in Sources */ = {isa = PBXBuildFile; fileRef = 34D6251226B12DB4003D1624 /* SceneDelegate.swift */; };
		34D6251526B12DB4003D1624 /* ViewController.swift in Sources */ = {isa = PBXBuildFile; fileRef = 34D6251426B12DB4003D1624 /* ViewController.swift */; };
		34D6251826B12DB4003D1624 /* Main.storyboard in Resources */ = {isa = PBXBuildFile; fileRef = 34D6251626B12DB4003D1624 /* Main.storyboard */; };
		34D6251A26B12DB5003D1624 /* Assets.xcassets in Resources */ = {isa = PBXBuildFile; fileRef = 34D6251926B12DB5003D1624 /* Assets.xcassets */; };
		34D6251D26B12DB5003D1624 /* LaunchScreen.storyboard in Resources */ = {isa = PBXBuildFile; fileRef = 34D6251B26B12DB5003D1624 /* LaunchScreen.storyboard */; };
/* End PBXBuildFile section */

/* Begin PBXFileReference section */
		347BB4E526B8DE3F009EA81F /* Calculator.app */ = {isa = PBXFileReference; explicitFileType = wrapper.application; includeInIndex = 0; path = Calculator.app; sourceTree = BUILT_PRODUCTS_DIR; };
		347BB4E726B8DE3F009EA81F /* AppDelegate.swift */ = {isa = PBXFileReference; lastKnownFileType = sourcecode.swift; path = AppDelegate.swift; sourceTree = "<group>"; };
		347BB4E926B8DE3F009EA81F /* SceneDelegate.swift */ = {isa = PBXFileReference; lastKnownFileType = sourcecode.swift; path = SceneDelegate.swift; sourceTree = "<group>"; };
		347BB4EB26B8DE3F009EA81F /* ContentView.swift */ = {isa = PBXFileReference; lastKnownFileType = sourcecode.swift; path = ContentView.swift; sourceTree = "<group>"; };
		347BB4ED26B8DE41009EA81F /* Assets.xcassets */ = {isa = PBXFileReference; lastKnownFileType = folder.assetcatalog; path = Assets.xcassets; sourceTree = "<group>"; };
		347BB4F026B8DE41009EA81F /* Preview Assets.xcassets */ = {isa = PBXFileReference; lastKnownFileType = folder.assetcatalog; path = "Preview Assets.xcassets"; sourceTree = "<group>"; };
		347BB4F326B8DE41009EA81F /* Base */ = {isa = PBXFileReference; lastKnownFileType = file.storyboard; name = Base; path = Base.lproj/LaunchScreen.storyboard; sourceTree = "<group>"; };
		347BB4F526B8DE41009EA81F /* Info.plist */ = {isa = PBXFileReference; lastKnownFileType = text.plist.xml; path = Info.plist; sourceTree = "<group>"; };
		347BB4F926B91783009EA81F /* CalculatorButton.swift */ = {isa = PBXFileReference; lastKnownFileType = sourcecode.swift; path = CalculatorButton.swift; sourceTree = "<group>"; };
		347BB4FB26B918BC009EA81F /* CalculatorButtonItem.swift */ = {isa = PBXFileReference; lastKnownFileType = sourcecode.swift; path = CalculatorButtonItem.swift; sourceTree = "<group>"; };
		347BB4FD26B91B3F009EA81F /* CalculatorButtonRow.swift */ = {isa = PBXFileReference; lastKnownFileType = sourcecode.swift; path = CalculatorButtonRow.swift; sourceTree = "<group>"; };
		349CA1D926CBCB24009866D2 /* CalculatorBrain.swift */ = {isa = PBXFileReference; fileEncoding = 4; lastKnownFileType = sourcecode.swift; path = CalculatorBrain.swift; sourceTree = "<group>"; };
		34D6250D26B12DB4003D1624 /* DailyDigest.app */ = {isa = PBXFileReference; explicitFileType = wrapper.application; includeInIndex = 0; path = DailyDigest.app; sourceTree = BUILT_PRODUCTS_DIR; };
		34D6251026B12DB4003D1624 /* AppDelegate.swift */ = {isa = PBXFileReference; lastKnownFileType = sourcecode.swift; path = AppDelegate.swift; sourceTree = "<group>"; };
		34D6251226B12DB4003D1624 /* SceneDelegate.swift */ = {isa = PBXFileReference; lastKnownFileType = sourcecode.swift; path = SceneDelegate.swift; sourceTree = "<group>"; };
		34D6251426B12DB4003D1624 /* ViewController.swift */ = {isa = PBXFileReference; lastKnownFileType = sourcecode.swift; path = ViewController.swift; sourceTree = "<group>"; };
		34D6251726B12DB4003D1624 /* Base */ = {isa = PBXFileReference; lastKnownFileType = file.storyboard; name = Base; path = Base.lproj/Main.storyboard; sourceTree = "<group>"; };
		34D6251926B12DB5003D1624 /* Assets.xcassets */ = {isa = PBXFileReference; lastKnownFileType = folder.assetcatalog; path = Assets.xcassets; sourceTree = "<group>"; };
		34D6251C26B12DB5003D1624 /* Base */ = {isa = PBXFileReference; lastKnownFileType = file.storyboard; name = Base; path = Base.lproj/LaunchScreen.storyboard; sourceTree = "<group>"; };
		34D6251E26B12DB5003D1624 /* Info.plist */ = {isa = PBXFileReference; lastKnownFileType = text.plist.xml; path = Info.plist; sourceTree = "<group>"; };
/* End PBXFileReference section */

/* Begin PBXFrameworksBuildPhase section */
		347BB4E226B8DE3F009EA81F /* Frameworks */ = {
			isa = PBXFrameworksBuildPhase;
			buildActionMask = 2147483647;
			files = (
			);
			runOnlyForDeploymentPostprocessing = 0;
		};
		34D6250A26B12DB4003D1624 /* Frameworks */ = {
			isa = PBXFrameworksBuildPhase;
			buildActionMask = 2147483647;
			files = (
			);
			runOnlyForDeploymentPostprocessing = 0;
		};
/* End PBXFrameworksBuildPhase section */

/* Begin PBXGroup section */
		347BB4E626B8DE3F009EA81F /* Calculator */ = {
			isa = PBXGroup;
			children = (
				347BB4E726B8DE3F009EA81F /* AppDelegate.swift */,
				347BB4E926B8DE3F009EA81F /* SceneDelegate.swift */,
				347BB4EB26B8DE3F009EA81F /* ContentView.swift */,
				349CA1D926CBCB24009866D2 /* CalculatorBrain.swift */,
				347BB4FD26B91B3F009EA81F /* CalculatorButtonRow.swift */,
				347BB4F926B91783009EA81F /* CalculatorButton.swift */,
				347BB4FB26B918BC009EA81F /* CalculatorButtonItem.swift */,
				347BB4ED26B8DE41009EA81F /* Assets.xcassets */,
				347BB4F226B8DE41009EA81F /* LaunchScreen.storyboard */,
				347BB4F526B8DE41009EA81F /* Info.plist */,
				347BB4EF26B8DE41009EA81F /* Preview Content */,
			);
			path = Calculator;
			sourceTree = "<group>";
		};
		347BB4EF26B8DE41009EA81F /* Preview Content */ = {
			isa = PBXGroup;
			children = (
				347BB4F026B8DE41009EA81F /* Preview Assets.xcassets */,
			);
			path = "Preview Content";
			sourceTree = "<group>";
		};
		34D6250426B12DB4003D1624 = {
			isa = PBXGroup;
			children = (
				34D6250F26B12DB4003D1624 /* DailyDigest */,
				347BB4E626B8DE3F009EA81F /* Calculator */,
				34D6250E26B12DB4003D1624 /* Products */,
			);
			sourceTree = "<group>";
		};
		34D6250E26B12DB4003D1624 /* Products */ = {
			isa = PBXGroup;
			children = (
				34D6250D26B12DB4003D1624 /* DailyDigest.app */,
				347BB4E526B8DE3F009EA81F /* Calculator.app */,
			);
			name = Products;
			sourceTree = "<group>";
		};
		34D6250F26B12DB4003D1624 /* DailyDigest */ = {
			isa = PBXGroup;
			children = (
				34D6251026B12DB4003D1624 /* AppDelegate.swift */,
				34D6251226B12DB4003D1624 /* SceneDelegate.swift */,
				34D6251426B12DB4003D1624 /* ViewController.swift */,
				34D6251626B12DB4003D1624 /* Main.storyboard */,
				34D6251926B12DB5003D1624 /* Assets.xcassets */,
				34D6251B26B12DB5003D1624 /* LaunchScreen.storyboard */,
				34D6251E26B12DB5003D1624 /* Info.plist */,
			);
			path = DailyDigest;
			sourceTree = "<group>";
		};
/* End PBXGroup section */

/* Begin PBXNativeTarget section */
		347BB4E426B8DE3F009EA81F /* Calculator */ = {
			isa = PBXNativeTarget;
			buildConfigurationList = 347BB4F826B8DE41009EA81F /* Build configuration list for PBXNativeTarget "Calculator" */;
			buildPhases = (
				347BB4E126B8DE3F009EA81F /* Sources */,
				347BB4E226B8DE3F009EA81F /* Frameworks */,
				347BB4E326B8DE3F009EA81F /* Resources */,
			);
			buildRules = (
			);
			dependencies = (
			);
			name = Calculator;
			productName = Calculator;
			productReference = 347BB4E526B8DE3F009EA81F /* Calculator.app */;
			productType = "com.apple.product-type.application";
		};
		34D6250C26B12DB4003D1624 /* DailyDigest */ = {
			isa = PBXNativeTarget;
			buildConfigurationList = 34D6252126B12DB5003D1624 /* Build configuration list for PBXNativeTarget "DailyDigest" */;
			buildPhases = (
				34D6250926B12DB4003D1624 /* Sources */,
				34D6250A26B12DB4003D1624 /* Frameworks */,
				34D6250B26B12DB4003D1624 /* Resources */,
			);
			buildRules = (
			);
			dependencies = (
			);
			name = DailyDigest;
			productName = DailyDigest;
			productReference = 34D6250D26B12DB4003D1624 /* DailyDigest.app */;
			productType = "com.apple.product-type.application";
		};
/* End PBXNativeTarget section */

/* Begin PBXProject section */
		34D6250526B12DB4003D1624 /* Project object */ = {
			isa = PBXProject;
			attributes = {
				LastSwiftUpdateCheck = 1250;
				LastUpgradeCheck = 1240;
				TargetAttributes = {
					347BB4E426B8DE3F009EA81F = {
						CreatedOnToolsVersion = 12.5.1;
					};
					34D6250C26B12DB4003D1624 = {
						CreatedOnToolsVersion = 12.4;
					};
				};
			};
			buildConfigurationList = 34D6250826B12DB4003D1624 /* Build configuration list for PBXProject "DailyDigest" */;
			compatibilityVersion = "Xcode 9.3";
			developmentRegion = en;
			hasScannedForEncodings = 0;
			knownRegions = (
				en,
				Base,
			);
			mainGroup = 34D6250426B12DB4003D1624;
			productRefGroup = 34D6250E26B12DB4003D1624 /* Products */;
			projectDirPath = "";
			projectRoot = "";
			targets = (
				34D6250C26B12DB4003D1624 /* DailyDigest */,
				347BB4E426B8DE3F009EA81F /* Calculator */,
			);
		};
/* End PBXProject section */

/* Begin PBXResourcesBuildPhase section */
		347BB4E326B8DE3F009EA81F /* Resources */ = {
			isa = PBXResourcesBuildPhase;
			buildActionMask = 2147483647;
			files = (
				347BB4F426B8DE41009EA81F /* LaunchScreen.storyboard in Resources */,
				347BB4F126B8DE41009EA81F /* Preview Assets.xcassets in Resources */,
				347BB4EE26B8DE41009EA81F /* Assets.xcassets in Resources */,
			);
			runOnlyForDeploymentPostprocessing = 0;
		};
		34D6250B26B12DB4003D1624 /* Resources */ = {
			isa = PBXResourcesBuildPhase;
			buildActionMask = 2147483647;
			files = (
				34D6251D26B12DB5003D1624 /* LaunchScreen.storyboard in Resources */,
				34D6251A26B12DB5003D1624 /* Assets.xcassets in Resources */,
				34D6251826B12DB4003D1624 /* Main.storyboard in Resources */,
			);
			runOnlyForDeploymentPostprocessing = 0;
		};
/* End PBXResourcesBuildPhase section */

/* Begin PBXSourcesBuildPhase section */
		347BB4E126B8DE3F009EA81F /* Sources */ = {
			isa = PBXSourcesBuildPhase;
			buildActionMask = 2147483647;
			files = (
				349CA1DA26CBCB24009866D2 /* CalculatorBrain.swift in Sources */,
				347BB4E826B8DE3F009EA81F /* AppDelegate.swift in Sources */,
				347BB4EA26B8DE3F009EA81F /* SceneDelegate.swift in Sources */,
				347BB4FC26B918BC009EA81F /* CalculatorButtonItem.swift in Sources */,
				347BB4EC26B8DE3F009EA81F /* ContentView.swift in Sources */,
				347BB4FE26B91B3F009EA81F /* CalculatorButtonRow.swift in Sources */,
				347BB4FA26B91784009EA81F /* CalculatorButton.swift in Sources */,
			);
			runOnlyForDeploymentPostprocessing = 0;
		};
		34D6250926B12DB4003D1624 /* Sources */ = {
			isa = PBXSourcesBuildPhase;
			buildActionMask = 2147483647;
			files = (
				34D6251526B12DB4003D1624 /* ViewController.swift in Sources */,
				34D6251126B12DB4003D1624 /* AppDelegate.swift in Sources */,
				34D6251326B12DB4003D1624 /* SceneDelegate.swift in Sources */,
			);
			runOnlyForDeploymentPostprocessing = 0;
		};
/* End PBXSourcesBuildPhase section */

/* Begin PBXVariantGroup section */
		347BB4F226B8DE41009EA81F /* LaunchScreen.storyboard */ = {
			isa = PBXVariantGroup;
			children = (
				347BB4F326B8DE41009EA81F /* Base */,
			);
			name = LaunchScreen.storyboard;
			sourceTree = "<group>";
		};
		34D6251626B12DB4003D1624 /* Main.storyboard */ = {
			isa = PBXVariantGroup;
			children = (
				34D6251726B12DB4003D1624 /* Base */,
			);
			name = Main.storyboard;
			sourceTree = "<group>";
		};
		34D6251B26B12DB5003D1624 /* LaunchScreen.storyboard */ = {
			isa = PBXVariantGroup;
			children = (
				34D6251C26B12DB5003D1624 /* Base */,
			);
			name = LaunchScreen.storyboard;
			sourceTree = "<group>";
		};
/* End PBXVariantGroup section */

/* Begin XCBuildConfiguration section */
		347BB4F626B8DE41009EA81F /* Debug */ = {
			isa = XCBuildConfiguration;
			buildSettings = {
				ASSETCATALOG_COMPILER_APPICON_NAME = AppIcon;
				ASSETCATALOG_COMPILER_GLOBAL_ACCENT_COLOR_NAME = AccentColor;
				CODE_SIGN_STYLE = Automatic;
				DEVELOPMENT_ASSET_PATHS = "\"Calculator/Preview Content\"";
				DEVELOPMENT_TEAM = 3SC45A32Q2;
				ENABLE_PREVIEWS = YES;
				INFOPLIST_FILE = Calculator/Info.plist;
				IPHONEOS_DEPLOYMENT_TARGET = 14.5;
				LD_RUNPATH_SEARCH_PATHS = (
					"$(inherited)",
					"@executable_path/Frameworks",
				);
				PRODUCT_BUNDLE_IDENTIFIER = com.taylor.cai.test.Calculator;
				PRODUCT_NAME = "$(TARGET_NAME)";
				SWIFT_VERSION = 5.0;
				TARGETED_DEVICE_FAMILY = "1,2";
			};
			name = Debug;
		};
		347BB4F726B8DE41009EA81F /* Release */ = {
			isa = XCBuildConfiguration;
			buildSettings = {
				ASSETCATALOG_COMPILER_APPICON_NAME = AppIcon;
				ASSETCATALOG_COMPILER_GLOBAL_ACCENT_COLOR_NAME = AccentColor;
				CODE_SIGN_STYLE = Automatic;
				DEVELOPMENT_ASSET_PATHS = "\"Calculator/Preview Content\"";
				DEVELOPMENT_TEAM = 3SC45A32Q2;
				ENABLE_PREVIEWS = YES;
				INFOPLIST_FILE = Calculator/Info.plist;
				IPHONEOS_DEPLOYMENT_TARGET = 14.5;
				LD_RUNPATH_SEARCH_PATHS = (
					"$(inherited)",
					"@executable_path/Frameworks",
				);
				PRODUCT_BUNDLE_IDENTIFIER = com.taylor.cai.test.Calculator;
				PRODUCT_NAME = "$(TARGET_NAME)";
				SWIFT_VERSION = 5.0;
				TARGETED_DEVICE_FAMILY = "1,2";
			};
			name = Release;
		};
		34D6251F26B12DB5003D1624 /* Debug */ = {
			isa = XCBuildConfiguration;
			buildSettings = {
				ALWAYS_SEARCH_USER_PATHS = NO;
				CLANG_ANALYZER_NONNULL = YES;
				CLANG_ANALYZER_NUMBER_OBJECT_CONVERSION = YES_AGGRESSIVE;
				CLANG_CXX_LANGUAGE_STANDARD = "gnu++14";
				CLANG_CXX_LIBRARY = "libc++";
				CLANG_ENABLE_MODULES = YES;
				CLANG_ENABLE_OBJC_ARC = YES;
				CLANG_ENABLE_OBJC_WEAK = YES;
				CLANG_WARN_BLOCK_CAPTURE_AUTORELEASING = YES;
				CLANG_WARN_BOOL_CONVERSION = YES;
				CLANG_WARN_COMMA = YES;
				CLANG_WARN_CONSTANT_CONVERSION = YES;
				CLANG_WARN_DEPRECATED_OBJC_IMPLEMENTATIONS = YES;
				CLANG_WARN_DIRECT_OBJC_ISA_USAGE = YES_ERROR;
				CLANG_WARN_DOCUMENTATION_COMMENTS = YES;
				CLANG_WARN_EMPTY_BODY = YES;
				CLANG_WARN_ENUM_CONVERSION = YES;
				CLANG_WARN_INFINITE_RECURSION = YES;
				CLANG_WARN_INT_CONVERSION = YES;
				CLANG_WARN_NON_LITERAL_NULL_CONVERSION = YES;
				CLANG_WARN_OBJC_IMPLICIT_RETAIN_SELF = YES;
				CLANG_WARN_OBJC_LITERAL_CONVERSION = YES;
				CLANG_WARN_OBJC_ROOT_CLASS = YES_ERROR;
				CLANG_WARN_QUOTED_INCLUDE_IN_FRAMEWORK_HEADER = YES;
				CLANG_WARN_RANGE_LOOP_ANALYSIS = YES;
				CLANG_WARN_STRICT_PROTOTYPES = YES;
				CLANG_WARN_SUSPICIOUS_MOVE = YES;
				CLANG_WARN_UNGUARDED_AVAILABILITY = YES_AGGRESSIVE;
				CLANG_WARN_UNREACHABLE_CODE = YES;
				CLANG_WARN__DUPLICATE_METHOD_MATCH = YES;
				COPY_PHASE_STRIP = NO;
				DEBUG_INFORMATION_FORMAT = dwarf;
				ENABLE_STRICT_OBJC_MSGSEND = YES;
				ENABLE_TESTABILITY = YES;
				GCC_C_LANGUAGE_STANDARD = gnu11;
				GCC_DYNAMIC_NO_PIC = NO;
				GCC_NO_COMMON_BLOCKS = YES;
				GCC_OPTIMIZATION_LEVEL = 0;
				GCC_PREPROCESSOR_DEFINITIONS = (
					"DEBUG=1",
					"$(inherited)",
				);
				GCC_WARN_64_TO_32_BIT_CONVERSION = YES;
				GCC_WARN_ABOUT_RETURN_TYPE = YES_ERROR;
				GCC_WARN_UNDECLARED_SELECTOR = YES;
				GCC_WARN_UNINITIALIZED_AUTOS = YES_AGGRESSIVE;
				GCC_WARN_UNUSED_FUNCTION = YES;
				GCC_WARN_UNUSED_VARIABLE = YES;
				IPHONEOS_DEPLOYMENT_TARGET = 14.4;
				MTL_ENABLE_DEBUG_INFO = INCLUDE_SOURCE;
				MTL_FAST_MATH = YES;
				ONLY_ACTIVE_ARCH = YES;
				SDKROOT = iphoneos;
				SWIFT_ACTIVE_COMPILATION_CONDITIONS = DEBUG;
				SWIFT_OPTIMIZATION_LEVEL = "-Onone";
			};
			name = Debug;
		};
		34D6252026B12DB5003D1624 /* Release */ = {
			isa = XCBuildConfiguration;
			buildSettings = {
				ALWAYS_SEARCH_USER_PATHS = NO;
				CLANG_ANALYZER_NONNULL = YES;
				CLANG_ANALYZER_NUMBER_OBJECT_CONVERSION = YES_AGGRESSIVE;
				CLANG_CXX_LANGUAGE_STANDARD = "gnu++14";
				CLANG_CXX_LIBRARY = "libc++";
				CLANG_ENABLE_MODULES = YES;
				CLANG_ENABLE_OBJC_ARC = YES;
				CLANG_ENABLE_OBJC_WEAK = YES;
				CLANG_WARN_BLOCK_CAPTURE_AUTORELEASING = YES;
				CLANG_WARN_BOOL_CONVERSION = YES;
				CLANG_WARN_COMMA = YES;
				CLANG_WARN_CONSTANT_CONVERSION = YES;
				CLANG_WARN_DEPRECATED_OBJC_IMPLEMENTATIONS = YES;
				CLANG_WARN_DIRECT_OBJC_ISA_USAGE = YES_ERROR;
				CLANG_WARN_DOCUMENTATION_COMMENTS = YES;
				CLANG_WARN_EMPTY_BODY = YES;
				CLANG_WARN_ENUM_CONVERSION = YES;
				CLANG_WARN_INFINITE_RECURSION = YES;
				CLANG_WARN_INT_CONVERSION = YES;
				CLANG_WARN_NON_LITERAL_NULL_CONVERSION = YES;
				CLANG_WARN_OBJC_IMPLICIT_RETAIN_SELF = YES;
				CLANG_WARN_OBJC_LITERAL_CONVERSION = YES;
				CLANG_WARN_OBJC_ROOT_CLASS = YES_ERROR;
				CLANG_WARN_QUOTED_INCLUDE_IN_FRAMEWORK_HEADER = YES;
				CLANG_WARN_RANGE_LOOP_ANALYSIS = YES;
				CLANG_WARN_STRICT_PROTOTYPES = YES;
				CLANG_WARN_SUSPICIOUS_MOVE = YES;
				CLANG_WARN_UNGUARDED_AVAILABILITY = YES_AGGRESSIVE;
				CLANG_WARN_UNREACHABLE_CODE = YES;
				CLANG_WARN__DUPLICATE_METHOD_MATCH = YES;
				COPY_PHASE_STRIP = NO;
				DEBUG_INFORMATION_FORMAT = "dwarf-with-dsym";
				ENABLE_NS_ASSERTIONS = NO;
				ENABLE_STRICT_OBJC_MSGSEND = YES;
				GCC_C_LANGUAGE_STANDARD = gnu11;
				GCC_NO_COMMON_BLOCKS = YES;
				GCC_WARN_64_TO_32_BIT_CONVERSION = YES;
				GCC_WARN_ABOUT_RETURN_TYPE = YES_ERROR;
				GCC_WARN_UNDECLARED_SELECTOR = YES;
				GCC_WARN_UNINITIALIZED_AUTOS = YES_AGGRESSIVE;
				GCC_WARN_UNUSED_FUNCTION = YES;
				GCC_WARN_UNUSED_VARIABLE = YES;
				IPHONEOS_DEPLOYMENT_TARGET = 14.4;
				MTL_ENABLE_DEBUG_INFO = NO;
				MTL_FAST_MATH = YES;
				SDKROOT = iphoneos;
				SWIFT_COMPILATION_MODE = wholemodule;
				SWIFT_OPTIMIZATION_LEVEL = "-O";
				VALIDATE_PRODUCT = YES;
			};
			name = Release;
		};
		34D6252226B12DB5003D1624 /* Debug */ = {
			isa = XCBuildConfiguration;
			buildSettings = {
				ASSETCATALOG_COMPILER_APPICON_NAME = AppIcon;
				ASSETCATALOG_COMPILER_GLOBAL_ACCENT_COLOR_NAME = AccentColor;
				CODE_SIGN_STYLE = Automatic;
				DEVELOPMENT_TEAM = 3SC45A32Q2;
				INFOPLIST_FILE = DailyDigest/Info.plist;
				LD_RUNPATH_SEARCH_PATHS = (
					"$(inherited)",
					"@executable_path/Frameworks",
				);
				PRODUCT_BUNDLE_IDENTIFIER = com.taylor.cai.test.DailyDigest;
				PRODUCT_NAME = "$(TARGET_NAME)";
				SWIFT_VERSION = 5.0;
				TARGETED_DEVICE_FAMILY = "1,2";
			};
			name = Debug;
		};
		34D6252326B12DB5003D1624 /* Release */ = {
			isa = XCBuildConfiguration;
			buildSettings = {
				ASSETCATALOG_COMPILER_APPICON_NAME = AppIcon;
				ASSETCATALOG_COMPILER_GLOBAL_ACCENT_COLOR_NAME = AccentColor;
				CODE_SIGN_STYLE = Automatic;
				DEVELOPMENT_TEAM = 3SC45A32Q2;
				INFOPLIST_FILE = DailyDigest/Info.plist;
				LD_RUNPATH_SEARCH_PATHS = (
					"$(inherited)",
					"@executable_path/Frameworks",
				);
				PRODUCT_BUNDLE_IDENTIFIER = com.taylor.cai.test.DailyDigest;
				PRODUCT_NAME = "$(TARGET_NAME)";
				SWIFT_VERSION = 5.0;
				TARGETED_DEVICE_FAMILY = "1,2";
			};
			name = Release;
		};
/* End XCBuildConfiguration section */

/* Begin XCConfigurationList section */
		347BB4F826B8DE41009EA81F /* Build configuration list for PBXNativeTarget "Calculator" */ = {
			isa = XCConfigurationList;
			buildConfigurations = (
				347BB4F626B8DE41009EA81F /* Debug */,
				347BB4F726B8DE41009EA81F /* Release */,
			);
			defaultConfigurationIsVisible = 0;
			defaultConfigurationName = Release;
		};
		34D6250826B12DB4003D1624 /* Build configuration list for PBXProject "DailyDigest" */ = {
			isa = XCConfigurationList;
			buildConfigurations = (
				34D6251F26B12DB5003D1624 /* Debug */,
				34D6252026B12DB5003D1624 /* Release */,
			);
			defaultConfigurationIsVisible = 0;
			defaultConfigurationName = Release;
		};
		34D6252126B12DB5003D1624 /* Build configuration list for PBXNativeTarget "DailyDigest" */ = {
			isa = XCConfigurationList;
			buildConfigurations = (
				34D6252226B12DB5003D1624 /* Debug */,
				34D6252326B12DB5003D1624 /* Release */,
			);
			defaultConfigurationIsVisible = 0;
			defaultConfigurationName = Release;
		};
/* End XCConfigurationList section */
	};
	rootObject = 34D6250526B12DB4003D1624 /* Project object */;
}
